
Microsoft Visual Studio Solution File, Format Version 12.00
# Visual Studio Version 16
VisualStudioVersion = 16.0.30711.63
MinimumVisualStudioVersion = 10.0.40219.1
Project("{9A19103F-16F7-4668-BE54-9A1E7A4F7556}") = "Luval.Core", "Luval.Core\Luval.Core.csproj", "{4D23BB39-9E01-4ECD-B92B-FF63FBBB8507}"
EndProject
Project("{9A19103F-16F7-4668-BE54-9A1E7A4F7556}") = "Luval.Data", "Luval.Data\Luval.Data.csproj", "{1E2B0392-7849-4ED6-A2F5-2365B28F98A9}"
EndProject
Project("{FAE04EC0-301F-11D3-BF4B-00C04F79EFBC}") = "Marin", "Marin\Marin.csproj", "{FB0E5BC2-B23F-4DEB-B413-3BA4D8F116C6}"
EndProject
Project("{9A19103F-16F7-4668-BE54-9A1E7A4F7556}") = "Marin.Web", "Marin.Web\Marin.Web.csproj", "{60356DEF-8302-40F9-A8CA-88D2BA8E79F7}"
EndProject
Project("{2150E333-8FDC-42A3-9474-1A3956D46DE8}") = "db-scripts", "db-scripts", "{5AFCDAE9-E5DF-41F6-A6CD-4BADECE2CE89}"
	ProjectSection(SolutionItems) = preProject
		MarinDb.sql = MarinDb.sql
	EndProjectSection
EndProject
Project("{9A19103F-16F7-4668-BE54-9A1E7A4F7556}") = "Luval.Web.Security", "Luval.Web.Security\Luval.Web.Security.csproj", "{9812F248-0018-42AD-B10F-D237412B0602}"
EndProject
Project("{9A19103F-16F7-4668-BE54-9A1E7A4F7556}") = "Luval.FastSpeedTestApi", "Luval.FastSpeedTestApi\Luval.FastSpeedTestApi.csproj", "{CBCE7424-CFAD-4ADC-B719-A2C80687FFE3}"
EndProject
Project("{9A19103F-16F7-4668-BE54-9A1E7A4F7556}") = "Luval.Workflow", "Luval.Workflow\Luval.Workflow.csproj", "{DDEE698E-EBA7-4FA6-9B91-F6B942F39B20}"
EndProject
Project("{9A19103F-16F7-4668-BE54-9A1E7A4F7556}") = "Luval.UtilityTasks", "Luval.UtilityTasks\Luval.UtilityTasks.csproj", "{F8B2CCFD-4FC6-452B-918D-E4026193FB34}"
EndProject
Project("{9A19103F-16F7-4668-BE54-9A1E7A4F7556}") = "Luval.Web.Console", "Luval.Web.Console\Luval.Web.Console.csproj", "{D2448183-933E-4512-A362-23FCC8E7696F}"
EndProject
Global
	GlobalSection(SolutionConfigurationPlatforms) = preSolution
		Debug|Any CPU = Debug|Any CPU
		Release|Any CPU = Release|Any CPU
	EndGlobalSection
	GlobalSection(ProjectConfigurationPlatforms) = postSolution
		{4D23BB39-9E01-4ECD-B92B-FF63FBBB8507}.Debug|Any CPU.ActiveCfg = Debug|Any CPU
		{4D23BB39-9E01-4ECD-B92B-FF63FBBB8507}.Debug|Any CPU.Build.0 = Debug|Any CPU
		{4D23BB39-9E01-4ECD-B92B-FF63FBBB8507}.Release|Any CPU.ActiveCfg = Release|Any CPU
		{4D23BB39-9E01-4ECD-B92B-FF63FBBB8507}.Release|Any CPU.Build.0 = Release|Any CPU
		{1E2B0392-7849-4ED6-A2F5-2365B28F98A9}.Debug|Any CPU.ActiveCfg = Debug|Any CPU
		{1E2B0392-7849-4ED6-A2F5-2365B28F98A9}.Debug|Any CPU.Build.0 = Debug|Any CPU
		{1E2B0392-7849-4ED6-A2F5-2365B28F98A9}.Release|Any CPU.ActiveCfg = Release|Any CPU
		{1E2B0392-7849-4ED6-A2F5-2365B28F98A9}.Release|Any CPU.Build.0 = Release|Any CPU
		{FB0E5BC2-B23F-4DEB-B413-3BA4D8F116C6}.Debug|Any CPU.ActiveCfg = Debug|Any CPU
		{FB0E5BC2-B23F-4DEB-B413-3BA4D8F116C6}.Debug|Any CPU.Build.0 = Debug|Any CPU
		{FB0E5BC2-B23F-4DEB-B413-3BA4D8F116C6}.Release|Any CPU.ActiveCfg = Release|Any CPU
		{FB0E5BC2-B23F-4DEB-B413-3BA4D8F116C6}.Release|Any CPU.Build.0 = Release|Any CPU
		{60356DEF-8302-40F9-A8CA-88D2BA8E79F7}.Debug|Any CPU.ActiveCfg = Debug|Any CPU
		{60356DEF-8302-40F9-A8CA-88D2BA8E79F7}.Debug|Any CPU.Build.0 = Debug|Any CPU
		{60356DEF-8302-40F9-A8CA-88D2BA8E79F7}.Release|Any CPU.ActiveCfg = Release|Any CPU
		{60356DEF-8302-40F9-A8CA-88D2BA8E79F7}.Release|Any CPU.Build.0 = Release|Any CPU
		{9812F248-0018-42AD-B10F-D237412B0602}.Debug|Any CPU.ActiveCfg = Debug|Any CPU
		{9812F248-0018-42AD-B10F-D237412B0602}.Debug|Any CPU.Build.0 = Debug|Any CPU
		{9812F248-0018-42AD-B10F-D237412B0602}.Release|Any CPU.ActiveCfg = Release|Any CPU
		{9812F248-0018-42AD-B10F-D237412B0602}.Release|Any CPU.Build.0 = Release|Any CPU
		{CBCE7424-CFAD-4ADC-B719-A2C80687FFE3}.Debug|Any CPU.ActiveCfg = Debug|Any CPU
		{CBCE7424-CFAD-4ADC-B719-A2C80687FFE3}.Debug|Any CPU.Build.0 = Debug|Any CPU
		{CBCE7424-CFAD-4ADC-B719-A2C80687FFE3}.Release|Any CPU.ActiveCfg = Release|Any CPU
		{CBCE7424-CFAD-4ADC-B719-A2C80687FFE3}.Release|Any CPU.Build.0 = Release|Any CPU
		{DDEE698E-EBA7-4FA6-9B91-F6B942F39B20}.Debug|Any CPU.ActiveCfg = Debug|Any CPU
		{DDEE698E-EBA7-4FA6-9B91-F6B942F39B20}.Debug|Any CPU.Build.0 = Debug|Any CPU
		{DDEE698E-EBA7-4FA6-9B91-F6B942F39B20}.Release|Any CPU.ActiveCfg = Release|Any CPU
		{DDEE698E-EBA7-4FA6-9B91-F6B942F39B20}.Release|Any CPU.Build.0 = Release|Any CPU
		{F8B2CCFD-4FC6-452B-918D-E4026193FB34}.Debug|Any CPU.ActiveCfg = Debug|Any CPU
		{F8B2CCFD-4FC6-452B-918D-E4026193FB34}.Debug|Any CPU.Build.0 = Debug|Any CPU
		{F8B2CCFD-4FC6-452B-918D-E4026193FB34}.Release|Any CPU.ActiveCfg = Release|Any CPU
		{F8B2CCFD-4FC6-452B-918D-E4026193FB34}.Release|Any CPU.Build.0 = Release|Any CPU
		{D2448183-933E-4512-A362-23FCC8E7696F}.Debug|Any CPU.ActiveCfg = Debug|Any CPU
		{D2448183-933E-4512-A362-23FCC8E7696F}.Debug|Any CPU.Build.0 = Debug|Any CPU
		{D2448183-933E-4512-A362-23FCC8E7696F}.Release|Any CPU.ActiveCfg = Release|Any CPU
		{D2448183-933E-4512-A362-23FCC8E7696F}.Release|Any CPU.Build.0 = Release|Any CPU
	EndGlobalSection
	GlobalSection(SolutionProperties) = preSolution
		HideSolutionNode = FALSE
	EndGlobalSection
	GlobalSection(ExtensibilityGlobals) = postSolution
		SolutionGuid = {96454A4D-C01A-4DBD-AACF-0A4CC67E6DED}
	EndGlobalSection
EndGlobal
