
Microsoft Visual Studio Solution File, Format Version 12.00
# Visual Studio Version 17
VisualStudioVersion = 17.0.32014.148
MinimumVisualStudioVersion = 10.0.40219.1
Project("{9A19103F-16F7-4668-BE54-9A1E7A4F7556}") = "Marin.Web", "Marin.Web\Marin.Web.csproj", "{60356DEF-8302-40F9-A8CA-88D2BA8E79F7}"
EndProject
Project("{2150E333-8FDC-42A3-9474-1A3956D46DE8}") = "db-scripts", "db-scripts", "{5AFCDAE9-E5DF-41F6-A6CD-4BADECE2CE89}"
	ProjectSection(SolutionItems) = preProject
		MarinDb.sql = MarinDb.sql
	EndProjectSection
EndProject
Project("{9A19103F-16F7-4668-BE54-9A1E7A4F7556}") = "Luval.Web.Security", "Luval.Web.Security\Luval.Web.Security.csproj", "{9812F248-0018-42AD-B10F-D237412B0602}"
EndProject
Project("{9A19103F-16F7-4668-BE54-9A1E7A4F7556}") = "Luval.Web.Console", "Luval.Web.Console\Luval.Web.Console.csproj", "{D2448183-933E-4512-A362-23FCC8E7696F}"
EndProject
Project("{2150E333-8FDC-42A3-9474-1A3956D46DE8}") = "Blob Storage", "Blob Storage", "{11781847-B8B9-4C7B-8542-6AFFE975D570}"
EndProject
Project("{9A19103F-16F7-4668-BE54-9A1E7A4F7556}") = "Luval.BlobStorage.Web", "..\..\luval-blobstorage\code\Luval.BlobStorage.Web\Luval.BlobStorage.Web.csproj", "{FADD9967-9671-4F2A-AFD9-D587FDA649B7}"
EndProject
Project("{9A19103F-16F7-4668-BE54-9A1E7A4F7556}") = "Luval.BlobStorage", "..\..\luval-blobstorage\code\Luval.BlobStorage\Luval.BlobStorage.csproj", "{68AB2EB4-09FC-4523-879D-666A119A7E2B}"
EndProject
Project("{2150E333-8FDC-42A3-9474-1A3956D46DE8}") = "Blog", "Blog", "{61575ED9-A685-4BF0-8BAB-BB414E795E96}"
EndProject
Project("{9A19103F-16F7-4668-BE54-9A1E7A4F7556}") = "Luval.Blog", "..\..\luval-blog\code\Luval.Blog\Luval.Blog.csproj", "{EDB512DE-BB00-4585-8F49-2D2E4DEF900B}"
EndProject
Project("{9A19103F-16F7-4668-BE54-9A1E7A4F7556}") = "Luval.Blog.Web", "..\..\luval-blog\code\Luval.Blog.Web\Luval.Blog.Web.csproj", "{D44AC0BE-3EED-42D0-91D6-A049DF98013F}"
EndProject
Project("{2150E333-8FDC-42A3-9474-1A3956D46DE8}") = "db-scripts", "db-scripts", "{5D7B9FC0-EA55-4DB9-B3CC-82424863380B}"
	ProjectSection(SolutionItems) = preProject
		..\..\luval-blog\code\db-scripts\blog.sql = ..\..\luval-blog\code\db-scripts\blog.sql
	EndProjectSection
EndProject
Project("{9A19103F-16F7-4668-BE54-9A1E7A4F7556}") = "Luval.Common", "Luval.Common\Luval.Common.csproj", "{EDA3BBDD-0B7C-40CB-A05C-40FF3C780DCC}"
EndProject
Project("{2150E333-8FDC-42A3-9474-1A3956D46DE8}") = "Url-Shortner", "Url-Shortner", "{C91A30F5-2877-455A-8F43-600C1089C282}"
EndProject
Project("{9A19103F-16F7-4668-BE54-9A1E7A4F7556}") = "Luval.UrlShortner", "Luval.UrlShortner\Luval.UrlShortner.csproj", "{90F42118-36E1-48D1-AE79-7685E4F330F6}"
EndProject
Project("{2150E333-8FDC-42A3-9474-1A3956D46DE8}") = "db-scripts", "db-scripts", "{C4B2ECE3-ABAC-47F4-85AE-706D3EB15F67}"
EndProject
Project("{9A19103F-16F7-4668-BE54-9A1E7A4F7556}") = "Luval.UrlShortner.Web", "Luval.UrlShortner.Web\Luval.UrlShortner.Web.csproj", "{1461BBC7-1A54-4816-8DC2-A5DFE2F10ABE}"
EndProject
Project("{9A19103F-16F7-4668-BE54-9A1E7A4F7556}") = "Luval.Web.Common", "Luval.Web.Common\Luval.Web.Common.csproj", "{F2B16CAD-E275-4C7A-A2C8-07D6EB17C8A3}"
EndProject
Project("{2150E333-8FDC-42A3-9474-1A3956D46DE8}") = "Media Gallery", "Media Gallery", "{FF11E706-799B-498F-95B0-1E8B5639436B}"
EndProject
Project("{9A19103F-16F7-4668-BE54-9A1E7A4F7556}") = "Luval.Media.Gallery", "Luval.Media.Gallery\Luval.Media.Gallery.csproj", "{422C5947-27C5-4327-83E9-014E87AB16D4}"
EndProject
Project("{9A19103F-16F7-4668-BE54-9A1E7A4F7556}") = "Luval.Media.Gallery.OneDrive", "Luval.Media.Gallery.OneDrive\Luval.Media.Gallery.OneDrive.csproj", "{33C4D3DA-D9C6-44CC-9A93-9A17FD75DE83}"
EndProject
Project("{9A19103F-16F7-4668-BE54-9A1E7A4F7556}") = "Luval.Media.Gallery.Web", "Luval.Media.Gallery.Web\Luval.Media.Gallery.Web.csproj", "{3CE791DC-6EB6-407B-8E32-EE41A13B417C}"
EndProject
Project("{2150E333-8FDC-42A3-9474-1A3956D46DE8}") = "db-scripts", "db-scripts", "{ACD446E5-AAD3-4F74-95CE-9914B9BAC346}"
	ProjectSection(SolutionItems) = preProject
		Luval.Media.Gallery\MediaGallery.sql = Luval.Media.Gallery\MediaGallery.sql
	EndProjectSection
EndProject
Project("{9A19103F-16F7-4668-BE54-9A1E7A4F7556}") = "Marin.Sink", "Marin.Sink\Marin.Sink.csproj", "{C3ACEB1A-B5DE-459E-B8BD-0F880C4FF0AB}"
EndProject
Project("{2150E333-8FDC-42A3-9474-1A3956D46DE8}") = "Habit", "Habit", "{C6082C53-0F86-4D85-9B8A-0AD2AFAD7428}"
EndProject
Project("{9A19103F-16F7-4668-BE54-9A1E7A4F7556}") = "Luval.GoalTracker", "Luval.GoalTracker\Luval.GoalTracker.csproj", "{82849634-7DEB-42FE-A624-7B8F2D76A38F}"
EndProject
Project("{2150E333-8FDC-42A3-9474-1A3956D46DE8}") = "db-scripts", "db-scripts", "{ABDCC206-5514-40FB-9026-1ACA9770F1C6}"
	ProjectSection(SolutionItems) = preProject
		Luval.GoalTracker\GoalTracker.sql = Luval.GoalTracker\GoalTracker.sql
	EndProjectSection
EndProject
Project("{9A19103F-16F7-4668-BE54-9A1E7A4F7556}") = "Luval.GoalTracker.Web", "Luval.GoalTracker.Web\Luval.GoalTracker.Web.csproj", "{54910526-88F4-4A42-9382-A29992E104DD}"
EndProject
Project("{2150E333-8FDC-42A3-9474-1A3956D46DE8}") = "Data", "Data", "{B012089D-0A7E-4C7A-8554-039C86D982F1}"
EndProject
Project("{9A19103F-16F7-4668-BE54-9A1E7A4F7556}") = "Luval.DataStore", "..\..\Luval-DataStore\src\Luval.DataStore\Luval.DataStore.csproj", "{CCB59632-79D0-4684-BA2D-35C653EF5757}"
EndProject
Project("{2150E333-8FDC-42A3-9474-1A3956D46DE8}") = "StatusLight", "StatusLight", "{9D05191A-EC29-4B6E-BFA8-44EDBCF51BB2}"
EndProject
Project("{FAE04EC0-301F-11D3-BF4B-00C04F79EFBC}") = "Luval.StatusLight", "Luval.StatusLight\Luval.StatusLight.csproj", "{B217E27C-21D5-4885-B28A-6687E9BD0535}"
EndProject
Project("{FAE04EC0-301F-11D3-BF4B-00C04F79EFBC}") = "Luval.StatusLight.Tray", "Luval.StatusLight.Tray\Luval.StatusLight.Tray.csproj", "{75466263-3BC9-41F6-9ED9-440B257ECA2B}"
EndProject
Global
	GlobalSection(SolutionConfigurationPlatforms) = preSolution
		Debug|Any CPU = Debug|Any CPU
		Release|Any CPU = Release|Any CPU
	EndGlobalSection
	GlobalSection(ProjectConfigurationPlatforms) = postSolution
		{60356DEF-8302-40F9-A8CA-88D2BA8E79F7}.Debug|Any CPU.ActiveCfg = Debug|Any CPU
		{60356DEF-8302-40F9-A8CA-88D2BA8E79F7}.Debug|Any CPU.Build.0 = Debug|Any CPU
		{60356DEF-8302-40F9-A8CA-88D2BA8E79F7}.Release|Any CPU.ActiveCfg = Release|Any CPU
		{60356DEF-8302-40F9-A8CA-88D2BA8E79F7}.Release|Any CPU.Build.0 = Release|Any CPU
		{9812F248-0018-42AD-B10F-D237412B0602}.Debug|Any CPU.ActiveCfg = Debug|Any CPU
		{9812F248-0018-42AD-B10F-D237412B0602}.Debug|Any CPU.Build.0 = Debug|Any CPU
		{9812F248-0018-42AD-B10F-D237412B0602}.Release|Any CPU.ActiveCfg = Release|Any CPU
		{9812F248-0018-42AD-B10F-D237412B0602}.Release|Any CPU.Build.0 = Release|Any CPU
		{D2448183-933E-4512-A362-23FCC8E7696F}.Debug|Any CPU.ActiveCfg = Debug|Any CPU
		{D2448183-933E-4512-A362-23FCC8E7696F}.Debug|Any CPU.Build.0 = Debug|Any CPU
		{D2448183-933E-4512-A362-23FCC8E7696F}.Release|Any CPU.ActiveCfg = Release|Any CPU
		{D2448183-933E-4512-A362-23FCC8E7696F}.Release|Any CPU.Build.0 = Release|Any CPU
		{FADD9967-9671-4F2A-AFD9-D587FDA649B7}.Debug|Any CPU.ActiveCfg = Debug|Any CPU
		{FADD9967-9671-4F2A-AFD9-D587FDA649B7}.Debug|Any CPU.Build.0 = Debug|Any CPU
		{FADD9967-9671-4F2A-AFD9-D587FDA649B7}.Release|Any CPU.ActiveCfg = Release|Any CPU
		{FADD9967-9671-4F2A-AFD9-D587FDA649B7}.Release|Any CPU.Build.0 = Release|Any CPU
		{68AB2EB4-09FC-4523-879D-666A119A7E2B}.Debug|Any CPU.ActiveCfg = Debug|Any CPU
		{68AB2EB4-09FC-4523-879D-666A119A7E2B}.Debug|Any CPU.Build.0 = Debug|Any CPU
		{68AB2EB4-09FC-4523-879D-666A119A7E2B}.Release|Any CPU.ActiveCfg = Release|Any CPU
		{68AB2EB4-09FC-4523-879D-666A119A7E2B}.Release|Any CPU.Build.0 = Release|Any CPU
		{EDB512DE-BB00-4585-8F49-2D2E4DEF900B}.Debug|Any CPU.ActiveCfg = Debug|Any CPU
		{EDB512DE-BB00-4585-8F49-2D2E4DEF900B}.Debug|Any CPU.Build.0 = Debug|Any CPU
		{EDB512DE-BB00-4585-8F49-2D2E4DEF900B}.Release|Any CPU.ActiveCfg = Release|Any CPU
		{EDB512DE-BB00-4585-8F49-2D2E4DEF900B}.Release|Any CPU.Build.0 = Release|Any CPU
		{D44AC0BE-3EED-42D0-91D6-A049DF98013F}.Debug|Any CPU.ActiveCfg = Debug|Any CPU
		{D44AC0BE-3EED-42D0-91D6-A049DF98013F}.Debug|Any CPU.Build.0 = Debug|Any CPU
		{D44AC0BE-3EED-42D0-91D6-A049DF98013F}.Release|Any CPU.ActiveCfg = Release|Any CPU
		{D44AC0BE-3EED-42D0-91D6-A049DF98013F}.Release|Any CPU.Build.0 = Release|Any CPU
		{EDA3BBDD-0B7C-40CB-A05C-40FF3C780DCC}.Debug|Any CPU.ActiveCfg = Debug|Any CPU
		{EDA3BBDD-0B7C-40CB-A05C-40FF3C780DCC}.Debug|Any CPU.Build.0 = Debug|Any CPU
		{EDA3BBDD-0B7C-40CB-A05C-40FF3C780DCC}.Release|Any CPU.ActiveCfg = Release|Any CPU
		{EDA3BBDD-0B7C-40CB-A05C-40FF3C780DCC}.Release|Any CPU.Build.0 = Release|Any CPU
		{90F42118-36E1-48D1-AE79-7685E4F330F6}.Debug|Any CPU.ActiveCfg = Debug|Any CPU
		{90F42118-36E1-48D1-AE79-7685E4F330F6}.Debug|Any CPU.Build.0 = Debug|Any CPU
		{90F42118-36E1-48D1-AE79-7685E4F330F6}.Release|Any CPU.ActiveCfg = Release|Any CPU
		{90F42118-36E1-48D1-AE79-7685E4F330F6}.Release|Any CPU.Build.0 = Release|Any CPU
		{1461BBC7-1A54-4816-8DC2-A5DFE2F10ABE}.Debug|Any CPU.ActiveCfg = Debug|Any CPU
		{1461BBC7-1A54-4816-8DC2-A5DFE2F10ABE}.Debug|Any CPU.Build.0 = Debug|Any CPU
		{1461BBC7-1A54-4816-8DC2-A5DFE2F10ABE}.Release|Any CPU.ActiveCfg = Release|Any CPU
		{1461BBC7-1A54-4816-8DC2-A5DFE2F10ABE}.Release|Any CPU.Build.0 = Release|Any CPU
		{F2B16CAD-E275-4C7A-A2C8-07D6EB17C8A3}.Debug|Any CPU.ActiveCfg = Debug|Any CPU
		{F2B16CAD-E275-4C7A-A2C8-07D6EB17C8A3}.Debug|Any CPU.Build.0 = Debug|Any CPU
		{F2B16CAD-E275-4C7A-A2C8-07D6EB17C8A3}.Release|Any CPU.ActiveCfg = Release|Any CPU
		{F2B16CAD-E275-4C7A-A2C8-07D6EB17C8A3}.Release|Any CPU.Build.0 = Release|Any CPU
		{422C5947-27C5-4327-83E9-014E87AB16D4}.Debug|Any CPU.ActiveCfg = Debug|Any CPU
		{422C5947-27C5-4327-83E9-014E87AB16D4}.Debug|Any CPU.Build.0 = Debug|Any CPU
		{422C5947-27C5-4327-83E9-014E87AB16D4}.Release|Any CPU.ActiveCfg = Release|Any CPU
		{422C5947-27C5-4327-83E9-014E87AB16D4}.Release|Any CPU.Build.0 = Release|Any CPU
		{33C4D3DA-D9C6-44CC-9A93-9A17FD75DE83}.Debug|Any CPU.ActiveCfg = Debug|Any CPU
		{33C4D3DA-D9C6-44CC-9A93-9A17FD75DE83}.Debug|Any CPU.Build.0 = Debug|Any CPU
		{33C4D3DA-D9C6-44CC-9A93-9A17FD75DE83}.Release|Any CPU.ActiveCfg = Release|Any CPU
		{33C4D3DA-D9C6-44CC-9A93-9A17FD75DE83}.Release|Any CPU.Build.0 = Release|Any CPU
		{3CE791DC-6EB6-407B-8E32-EE41A13B417C}.Debug|Any CPU.ActiveCfg = Debug|Any CPU
		{3CE791DC-6EB6-407B-8E32-EE41A13B417C}.Debug|Any CPU.Build.0 = Debug|Any CPU
		{3CE791DC-6EB6-407B-8E32-EE41A13B417C}.Release|Any CPU.ActiveCfg = Release|Any CPU
		{3CE791DC-6EB6-407B-8E32-EE41A13B417C}.Release|Any CPU.Build.0 = Release|Any CPU
		{C3ACEB1A-B5DE-459E-B8BD-0F880C4FF0AB}.Debug|Any CPU.ActiveCfg = Debug|Any CPU
		{C3ACEB1A-B5DE-459E-B8BD-0F880C4FF0AB}.Debug|Any CPU.Build.0 = Debug|Any CPU
		{C3ACEB1A-B5DE-459E-B8BD-0F880C4FF0AB}.Release|Any CPU.ActiveCfg = Release|Any CPU
		{C3ACEB1A-B5DE-459E-B8BD-0F880C4FF0AB}.Release|Any CPU.Build.0 = Release|Any CPU
		{82849634-7DEB-42FE-A624-7B8F2D76A38F}.Debug|Any CPU.ActiveCfg = Debug|Any CPU
		{82849634-7DEB-42FE-A624-7B8F2D76A38F}.Debug|Any CPU.Build.0 = Debug|Any CPU
		{82849634-7DEB-42FE-A624-7B8F2D76A38F}.Release|Any CPU.ActiveCfg = Release|Any CPU
		{82849634-7DEB-42FE-A624-7B8F2D76A38F}.Release|Any CPU.Build.0 = Release|Any CPU
		{54910526-88F4-4A42-9382-A29992E104DD}.Debug|Any CPU.ActiveCfg = Debug|Any CPU
		{54910526-88F4-4A42-9382-A29992E104DD}.Debug|Any CPU.Build.0 = Debug|Any CPU
		{54910526-88F4-4A42-9382-A29992E104DD}.Release|Any CPU.ActiveCfg = Release|Any CPU
		{54910526-88F4-4A42-9382-A29992E104DD}.Release|Any CPU.Build.0 = Release|Any CPU
		{CCB59632-79D0-4684-BA2D-35C653EF5757}.Debug|Any CPU.ActiveCfg = Debug|Any CPU
		{CCB59632-79D0-4684-BA2D-35C653EF5757}.Debug|Any CPU.Build.0 = Debug|Any CPU
		{CCB59632-79D0-4684-BA2D-35C653EF5757}.Release|Any CPU.ActiveCfg = Release|Any CPU
		{CCB59632-79D0-4684-BA2D-35C653EF5757}.Release|Any CPU.Build.0 = Release|Any CPU
		{B217E27C-21D5-4885-B28A-6687E9BD0535}.Debug|Any CPU.ActiveCfg = Debug|Any CPU
		{B217E27C-21D5-4885-B28A-6687E9BD0535}.Debug|Any CPU.Build.0 = Debug|Any CPU
		{B217E27C-21D5-4885-B28A-6687E9BD0535}.Release|Any CPU.ActiveCfg = Release|Any CPU
		{B217E27C-21D5-4885-B28A-6687E9BD0535}.Release|Any CPU.Build.0 = Release|Any CPU
		{75466263-3BC9-41F6-9ED9-440B257ECA2B}.Debug|Any CPU.ActiveCfg = Debug|Any CPU
		{75466263-3BC9-41F6-9ED9-440B257ECA2B}.Debug|Any CPU.Build.0 = Debug|Any CPU
		{75466263-3BC9-41F6-9ED9-440B257ECA2B}.Release|Any CPU.ActiveCfg = Release|Any CPU
		{75466263-3BC9-41F6-9ED9-440B257ECA2B}.Release|Any CPU.Build.0 = Release|Any CPU
	EndGlobalSection
	GlobalSection(SolutionProperties) = preSolution
		HideSolutionNode = FALSE
	EndGlobalSection
	GlobalSection(NestedProjects) = preSolution
		{FADD9967-9671-4F2A-AFD9-D587FDA649B7} = {11781847-B8B9-4C7B-8542-6AFFE975D570}
		{68AB2EB4-09FC-4523-879D-666A119A7E2B} = {11781847-B8B9-4C7B-8542-6AFFE975D570}
		{EDB512DE-BB00-4585-8F49-2D2E4DEF900B} = {61575ED9-A685-4BF0-8BAB-BB414E795E96}
		{D44AC0BE-3EED-42D0-91D6-A049DF98013F} = {61575ED9-A685-4BF0-8BAB-BB414E795E96}
		{5D7B9FC0-EA55-4DB9-B3CC-82424863380B} = {61575ED9-A685-4BF0-8BAB-BB414E795E96}
		{90F42118-36E1-48D1-AE79-7685E4F330F6} = {C91A30F5-2877-455A-8F43-600C1089C282}
		{C4B2ECE3-ABAC-47F4-85AE-706D3EB15F67} = {C91A30F5-2877-455A-8F43-600C1089C282}
		{1461BBC7-1A54-4816-8DC2-A5DFE2F10ABE} = {C91A30F5-2877-455A-8F43-600C1089C282}
		{422C5947-27C5-4327-83E9-014E87AB16D4} = {FF11E706-799B-498F-95B0-1E8B5639436B}
		{33C4D3DA-D9C6-44CC-9A93-9A17FD75DE83} = {FF11E706-799B-498F-95B0-1E8B5639436B}
		{3CE791DC-6EB6-407B-8E32-EE41A13B417C} = {FF11E706-799B-498F-95B0-1E8B5639436B}
		{ACD446E5-AAD3-4F74-95CE-9914B9BAC346} = {FF11E706-799B-498F-95B0-1E8B5639436B}
		{82849634-7DEB-42FE-A624-7B8F2D76A38F} = {C6082C53-0F86-4D85-9B8A-0AD2AFAD7428}
		{ABDCC206-5514-40FB-9026-1ACA9770F1C6} = {C6082C53-0F86-4D85-9B8A-0AD2AFAD7428}
		{54910526-88F4-4A42-9382-A29992E104DD} = {C6082C53-0F86-4D85-9B8A-0AD2AFAD7428}
		{CCB59632-79D0-4684-BA2D-35C653EF5757} = {B012089D-0A7E-4C7A-8554-039C86D982F1}
		{B217E27C-21D5-4885-B28A-6687E9BD0535} = {9D05191A-EC29-4B6E-BFA8-44EDBCF51BB2}
		{75466263-3BC9-41F6-9ED9-440B257ECA2B} = {9D05191A-EC29-4B6E-BFA8-44EDBCF51BB2}
	EndGlobalSection
	GlobalSection(ExtensibilityGlobals) = postSolution
		SolutionGuid = {96454A4D-C01A-4DBD-AACF-0A4CC67E6DED}
	EndGlobalSection
EndGlobal
